{
	"name": "psw-fe-ra-2024-group-1",
	"lockfileVersion": 3,
	"requires": true,
	"packages": {
		"": {
			"dependencies": {
				"@types/leaflet-routing-machine": "^3.2.8",
				"leaflet-routing-machine": "^3.2.12"
			},
			"devDependencies": {
				"@angular/platform-browser-dynamic": "^18.2.8"
			}
		},
		"node_modules/@angular/common": {
			"version": "18.2.12",
			"resolved": "https://registry.npmjs.org/@angular/common/-/common-18.2.12.tgz",
			"integrity": "sha512-gI5o8Bccsi8ow8Wk2vG4Tw/Rw9LoHEA9j8+qHKNR/55SCBsz68Syg310dSyxy+sApJO2WiqIadr5VP36dlSUFw==",
			"dev": true,
			"license": "MIT",
			"peer": true,
			"dependencies": {
				"tslib": "^2.3.0"
			},
			"engines": {
				"node": "^18.19.1 || ^20.11.1 || >=22.0.0"
			},
			"peerDependencies": {
				"@angular/core": "18.2.12",
				"rxjs": "^6.5.3 || ^7.4.0"
			}
		},
		"node_modules/@angular/compiler": {
			"version": "18.2.12",
			"resolved": "https://registry.npmjs.org/@angular/compiler/-/compiler-18.2.12.tgz",
			"integrity": "sha512-D5d5dLrjQal5DbAXJJNSsCC3UxzjOI2wbc+Iv+LOpRM1gpNwuYfZMX5W7cj62Ce4G2++78CJSppdKBp8D4HErQ==",
			"dev": true,
			"license": "MIT",
			"peer": true,
			"dependencies": {
				"tslib": "^2.3.0"
			},
			"engines": {
				"node": "^18.19.1 || ^20.11.1 || >=22.0.0"
			},
			"peerDependencies": {
				"@angular/core": "18.2.12"
			},
			"peerDependenciesMeta": {
				"@angular/core": {
					"optional": true
				}
			}
		},
		"node_modules/@angular/core": {
			"version": "18.2.12",
			"resolved": "https://registry.npmjs.org/@angular/core/-/core-18.2.12.tgz",
			"integrity": "sha512-wCf/OObwS6bpM60rk6bpMpCRGp0DlMLB1WNAMtfcaPNyqimVV5Bm98mWRhkOuRyvU3fU7iHhM/10ePVaoyu9+A==",
			"dev": true,
			"license": "MIT",
			"peer": true,
			"dependencies": {
				"tslib": "^2.3.0"
			},
			"engines": {
				"node": "^18.19.1 || ^20.11.1 || >=22.0.0"
			},
			"peerDependencies": {
				"rxjs": "^6.5.3 || ^7.4.0",
				"zone.js": "~0.14.10"
			}
		},
		"node_modules/@angular/platform-browser": {
			"version": "18.2.12",
			"resolved": "https://registry.npmjs.org/@angular/platform-browser/-/platform-browser-18.2.12.tgz",
			"integrity": "sha512-DRSMznuxuecrs+v5BRyd60/R4vjkQtuYUEPfzdo+rqxM83Dmr3PGtnqPRgd5oAFUbATxf02hQXijRD27K7rZRg==",
			"dev": true,
			"license": "MIT",
			"peer": true,
			"dependencies": {
				"tslib": "^2.3.0"
			},
			"engines": {
				"node": "^18.19.1 || ^20.11.1 || >=22.0.0"
			},
			"peerDependencies": {
				"@angular/animations": "18.2.12",
				"@angular/common": "18.2.12",
				"@angular/core": "18.2.12"
			},
			"peerDependenciesMeta": {
				"@angular/animations": {
					"optional": true
				}
			}
		},
		"node_modules/@angular/platform-browser-dynamic": {
			"version": "18.2.12",
			"resolved": "https://registry.npmjs.org/@angular/platform-browser-dynamic/-/platform-browser-dynamic-18.2.12.tgz",
			"integrity": "sha512-dv1QEjYpcFno6+oUeGEDRWpB5g2Ufb0XkUbLJQIgrOk1Qbyzb8tmpDpTjok8jcKdquigMRWolr6Y1EOicfRlLw==",
			"dev": true,
			"license": "MIT",
			"dependencies": {
				"tslib": "^2.3.0"
			},
			"engines": {
				"node": "^18.19.1 || ^20.11.1 || >=22.0.0"
			},
			"peerDependencies": {
				"@angular/common": "18.2.12",
				"@angular/compiler": "18.2.12",
				"@angular/core": "18.2.12",
				"@angular/platform-browser": "18.2.12"
			}
		},
		"node_modules/@mapbox/corslite": {
			"version": "0.0.7",
			"resolved": "https://registry.npmjs.org/@mapbox/corslite/-/corslite-0.0.7.tgz",
			"integrity": "sha512-w/uS474VFjmqQ7fFWIMZINQM1BAQxDLuoJaZZIPES1BmeYpCtlh9MtbFxKGGDAsfvut8/HircIsVvEYRjQ+iMg=="
		},
		"node_modules/@mapbox/polyline": {
			"version": "0.2.0",
			"resolved": "https://registry.npmjs.org/@mapbox/polyline/-/polyline-0.2.0.tgz",
			"integrity": "sha512-GCddO0iw6AzOQqZgBmjEQI9Pgo40/yRgkTkikGctE01kNBN0ThWYuAnTD+hRWrAWMV6QJ0rNm4m8DAsaAXE7Pg==",
			"bin": {
				"polyline": "bin/polyline.bin.js"
			},
			"engines": {
				"node": "*"
			}
		},
		"node_modules/@types/geojson": {
			"version": "7946.0.14",
			"resolved": "https://registry.npmjs.org/@types/geojson/-/geojson-7946.0.14.tgz",
			"integrity": "sha512-WCfD5Ht3ZesJUsONdhvm84dmzWOiOzOAqOncN0++w0lBw1o8OuDNJF2McvvCef/yBqb/HYRahp1BYtODFQ8bRg=="
		},
		"node_modules/@types/leaflet": {
			"version": "1.9.14",
			"resolved": "https://registry.npmjs.org/@types/leaflet/-/leaflet-1.9.14.tgz",
			"integrity": "sha512-sx2q6MDJaajwhKeVgPSvqXd8rhNJSTA3tMidQGduZn9S6WBYxDkCpSpV5xXEmSg7Cgdk/5vJGhVF1kMYLzauBg==",
			"dependencies": {
				"@types/geojson": "*"
			}
		},
		"node_modules/@types/leaflet-routing-machine": {
			"version": "3.2.8",
			"resolved": "https://registry.npmjs.org/@types/leaflet-routing-machine/-/leaflet-routing-machine-3.2.8.tgz",
			"integrity": "sha512-v2pJDv/nqbB769SsytHemhLkqwjVor9UdWvZ1l6Y2SEaXNt1yDwVrktc4sCT8/4n7npuEb8VP+UAk8xrPePqSQ==",
			"dependencies": {
				"@types/leaflet": "*"
			}
		},
		"node_modules/leaflet-routing-machine": {
			"version": "3.2.12",
			"resolved": "https://registry.npmjs.org/leaflet-routing-machine/-/leaflet-routing-machine-3.2.12.tgz",
			"integrity": "sha512-HLde58G1YtD9xSIzZavJ6BPABZaV1hHeGst8ouhzuxmSC3s32NVtADT+njbIUMW1maHRCrsgTk/E4hz5QH7FrA==",
			"dependencies": {
				"@mapbox/corslite": "0.0.7",
				"@mapbox/polyline": "^0.2.0",
				"osrm-text-instructions": "^0.13.2"
			}
		},
		"node_modules/osrm-text-instructions": {
			"version": "0.13.4",
			"resolved": "https://registry.npmjs.org/osrm-text-instructions/-/osrm-text-instructions-0.13.4.tgz",
			"integrity": "sha512-ge4ZTIetMQKAHKq2MwWf83ntzdJN20ndRKRaVNoZ3SkDkBNO99Qddz7r6+hrVx38I+ih6Rk5T1yslczAB6Q9Pg=="
		},
		"node_modules/rxjs": {
			"version": "7.8.1",
			"resolved": "https://registry.npmjs.org/rxjs/-/rxjs-7.8.1.tgz",
			"integrity": "sha512-AA3TVj+0A2iuIoQkWEK/tqFjBq2j+6PO6Y0zJcvzLAFhEFIO3HL0vls9hWLncZbAAbK0mar7oZ4V079I/qPMxg==",
			"dev": true,
			"license": "Apache-2.0",
			"peer": true,
			"dependencies": {
				"tslib": "^2.1.0"
			}
		},
		"node_modules/tslib": {
			"version": "2.8.1",
			"resolved": "https://registry.npmjs.org/tslib/-/tslib-2.8.1.tgz",
			"integrity": "sha512-oJFu94HQb+KVduSUQL7wnpmqnfmLsOA/nAh6b6EH0wCEoK0/mPeXU6c3wKDV83MkOuHPRHtSXKKU99IBazS/2w==",
			"dev": true,
			"license": "0BSD"
		},
		"node_modules/zone.js": {
			"version": "0.14.10",
			"resolved": "https://registry.npmjs.org/zone.js/-/zone.js-0.14.10.tgz",
			"integrity": "sha512-YGAhaO7J5ywOXW6InXNlLmfU194F8lVgu7bRntUF3TiG8Y3nBK0x1UJJuHUP/e8IyihkjCYqhCScpSwnlaSRkQ==",
			"dev": true,
			"license": "MIT",
			"peer": true
		}
	}
}
